
Microsoft Visual Studio Solution File, Format Version 12.00
# Visual Studio Version 17
VisualStudioVersion = 17.2.32516.85
MinimumVisualStudioVersion = 10.0.40219.1
Project("{8BC9CEB8-8B4A-11D0-8D11-00A0C91BC942}") = "Thuchanh", "Thuchanh\Thuchanh.vcxproj", "{326AE7F6-DA35-49C5-82C8-4F749152D789}"
EndProject
Project("{8BC9CEB8-8B4A-11D0-8D11-00A0C91BC942}") = "bai3", "bai3\bai3.vcxproj", "{96A8AF24-0C44-456D-8A11-4A5F574565AC}"
EndProject
Global
	GlobalSection(SolutionConfigurationPlatforms) = preSolution
		Debug|x64 = Debug|x64
		Debug|x86 = Debug|x86
		Release|x64 = Release|x64
		Release|x86 = Release|x86
	EndGlobalSection
	GlobalSection(ProjectConfigurationPlatforms) = postSolution
		{326AE7F6-DA35-49C5-82C8-4F749152D789}.Debug|x64.ActiveCfg = Debug|x64
		{326AE7F6-DA35-49C5-82C8-4F749152D789}.Debug|x64.Build.0 = Debug|x64
		{326AE7F6-DA35-49C5-82C8-4F749152D789}.Debug|x86.ActiveCfg = Debug|Win32
		{326AE7F6-DA35-49C5-82C8-4F749152D789}.Debug|x86.Build.0 = Debug|Win32
		{326AE7F6-DA35-49C5-82C8-4F749152D789}.Release|x64.ActiveCfg = Release|x64
		{326AE7F6-DA35-49C5-82C8-4F749152D789}.Release|x64.Build.0 = Release|x64
		{326AE7F6-DA35-49C5-82C8-4F749152D789}.Release|x86.ActiveCfg = Release|Win32
		{326AE7F6-DA35-49C5-82C8-4F749152D789}.Release|x86.Build.0 = Release|Win32
		{96A8AF24-0C44-456D-8A11-4A5F574565AC}.Debug|x64.ActiveCfg = Debug|x64
		{96A8AF24-0C44-456D-8A11-4A5F574565AC}.Debug|x64.Build.0 = Debug|x64
		{96A8AF24-0C44-456D-8A11-4A5F574565AC}.Debug|x86.ActiveCfg = Debug|Win32
		{96A8AF24-0C44-456D-8A11-4A5F574565AC}.Debug|x86.Build.0 = Debug|Win32
		{96A8AF24-0C44-456D-8A11-4A5F574565AC}.Release|x64.ActiveCfg = Release|x64
		{96A8AF24-0C44-456D-8A11-4A5F574565AC}.Release|x64.Build.0 = Release|x64
		{96A8AF24-0C44-456D-8A11-4A5F574565AC}.Release|x86.ActiveCfg = Release|Win32
		{96A8AF24-0C44-456D-8A11-4A5F574565AC}.Release|x86.Build.0 = Release|Win32
	EndGlobalSection
	GlobalSection(SolutionProperties) = preSolution
		HideSolutionNode = FALSE
	EndGlobalSection
	GlobalSection(ExtensibilityGlobals) = postSolution
		SolutionGuid = {42CCF8A8-4445-44F1-9640-3D88A6162183}
	EndGlobalSection
EndGlobal
